// !$*UTF8*$!
{
	archiveVersion = 1;
	classes = {
	};
	objectVersion = 46;
	objects = {

/* Begin PBXBuildFile section */
		E1E17E1E167CA84E008915E7 /* UIKit.framework in Frameworks */ = {isa = PBXBuildFile; fileRef = E1E17E1D167CA84E008915E7 /* UIKit.framework */; };
		E1E17E20167CA84E008915E7 /* Foundation.framework in Frameworks */ = {isa = PBXBuildFile; fileRef = E1E17E1F167CA84E008915E7 /* Foundation.framework */; };
		E1E17E22167CA84E008915E7 /* CoreGraphics.framework in Frameworks */ = {isa = PBXBuildFile; fileRef = E1E17E21167CA84E008915E7 /* CoreGraphics.framework */; };
		E1E17E28167CA84E008915E7 /* InfoPlist.strings in Resources */ = {isa = PBXBuildFile; fileRef = E1E17E26167CA84E008915E7 /* InfoPlist.strings */; };
		E1E17E2A167CA84E008915E7 /* main.m in Sources */ = {isa = PBXBuildFile; fileRef = E1E17E29167CA84E008915E7 /* main.m */; };
		E1E17E2E167CA84E008915E7 /* AppDelegate.m in Sources */ = {isa = PBXBuildFile; fileRef = E1E17E2D167CA84E008915E7 /* AppDelegate.m */; };
		E1E17E30167CA84E008915E7 /* Default.png in Resources */ = {isa = PBXBuildFile; fileRef = E1E17E2F167CA84E008915E7 /* Default.png */; };
		E1E17E32167CA84E008915E7 /* Default@2x.png in Resources */ = {isa = PBXBuildFile; fileRef = E1E17E31167CA84E008915E7 /* Default@2x.png */; };
		E1E17E34167CA84E008915E7 /* Default-568h@2x.png in Resources */ = {isa = PBXBuildFile; fileRef = E1E17E33167CA84E008915E7 /* Default-568h@2x.png */; };
		E1E17E37167CA84E008915E7 /* ViewController.m in Sources */ = {isa = PBXBuildFile; fileRef = E1E17E36167CA84E008915E7 /* ViewController.m */; };
		E1E17E3A167CA84E008915E7 /* ViewController.xib in Resources */ = {isa = PBXBuildFile; fileRef = E1E17E38167CA84E008915E7 /* ViewController.xib */; };
		E1E17E43167CC42B008915E7 /* UIView+Geometry.m in Sources */ = {isa = PBXBuildFile; fileRef = E1E17E42167CC42B008915E7 /* UIView+Geometry.m */; };
		E1E17E46167CC704008915E7 /* TextDrawingView.m in Sources */ = {isa = PBXBuildFile; fileRef = E1E17E45167CC704008915E7 /* TextDrawingView.m */; };
		E1E17E48167CC803008915E7 /* QuartzCore.framework in Frameworks */ = {isa = PBXBuildFile; fileRef = E1E17E47167CC803008915E7 /* QuartzCore.framework */; };
		E1E8B7461680CA5300BA6402 /* SizeViewController.m in Sources */ = {isa = PBXBuildFile; fileRef = E1E8B7441680CA5300BA6402 /* SizeViewController.m */; };
		E1E8B7471680CA5300BA6402 /* SizeViewController.xib in Resources */ = {isa = PBXBuildFile; fileRef = E1E8B7451680CA5300BA6402 /* SizeViewController.xib */; };
/* End PBXBuildFile section */

/* Begin PBXFileReference section */
		E1E17E19167CA84E008915E7 /* text-madnes.app */ = {isa = PBXFileReference; explicitFileType = wrapper.application; includeInIndex = 0; path = "text-madnes.app"; sourceTree = BUILT_PRODUCTS_DIR; };
		E1E17E1D167CA84E008915E7 /* UIKit.framework */ = {isa = PBXFileReference; lastKnownFileType = wrapper.framework; name = UIKit.framework; path = System/Library/Frameworks/UIKit.framework; sourceTree = SDKROOT; };
		E1E17E1F167CA84E008915E7 /* Foundation.framework */ = {isa = PBXFileReference; lastKnownFileType = wrapper.framework; name = Foundation.framework; path = System/Library/Frameworks/Foundation.framework; sourceTree = SDKROOT; };
		E1E17E21167CA84E008915E7 /* CoreGraphics.framework */ = {isa = PBXFileReference; lastKnownFileType = wrapper.framework; name = CoreGraphics.framework; path = System/Library/Frameworks/CoreGraphics.framework; sourceTree = SDKROOT; };
		E1E17E25167CA84E008915E7 /* text-madnes-Info.plist */ = {isa = PBXFileReference; lastKnownFileType = text.plist.xml; path = "text-madnes-Info.plist"; sourceTree = "<group>"; };
		E1E17E27167CA84E008915E7 /* en */ = {isa = PBXFileReference; lastKnownFileType = text.plist.strings; name = en; path = en.lproj/InfoPlist.strings; sourceTree = "<group>"; };
		E1E17E29167CA84E008915E7 /* main.m */ = {isa = PBXFileReference; lastKnownFileType = sourcecode.c.objc; path = main.m; sourceTree = "<group>"; };
		E1E17E2B167CA84E008915E7 /* text-madnes-Prefix.pch */ = {isa = PBXFileReference; lastKnownFileType = sourcecode.c.h; path = "text-madnes-Prefix.pch"; sourceTree = "<group>"; };
		E1E17E2C167CA84E008915E7 /* AppDelegate.h */ = {isa = PBXFileReference; lastKnownFileType = sourcecode.c.h; path = AppDelegate.h; sourceTree = "<group>"; };
		E1E17E2D167CA84E008915E7 /* AppDelegate.m */ = {isa = PBXFileReference; lastKnownFileType = sourcecode.c.objc; path = AppDelegate.m; sourceTree = "<group>"; };
		E1E17E2F167CA84E008915E7 /* Default.png */ = {isa = PBXFileReference; lastKnownFileType = image.png; path = Default.png; sourceTree = "<group>"; };
		E1E17E31167CA84E008915E7 /* Default@2x.png */ = {isa = PBXFileReference; lastKnownFileType = image.png; path = "Default@2x.png"; sourceTree = "<group>"; };
		E1E17E33167CA84E008915E7 /* Default-568h@2x.png */ = {isa = PBXFileReference; lastKnownFileType = image.png; path = "Default-568h@2x.png"; sourceTree = "<group>"; };
		E1E17E35167CA84E008915E7 /* ViewController.h */ = {isa = PBXFileReference; lastKnownFileType = sourcecode.c.h; path = ViewController.h; sourceTree = "<group>"; };
		E1E17E36167CA84E008915E7 /* ViewController.m */ = {isa = PBXFileReference; lastKnownFileType = sourcecode.c.objc; path = ViewController.m; sourceTree = "<group>"; };
		E1E17E39167CA84E008915E7 /* en */ = {isa = PBXFileReference; lastKnownFileType = file.xib; name = en; path = en.lproj/ViewController.xib; sourceTree = "<group>"; };
		E1E17E41167CC42A008915E7 /* UIView+Geometry.h */ = {isa = PBXFileReference; fileEncoding = 4; lastKnownFileType = sourcecode.c.h; path = "UIView+Geometry.h"; sourceTree = "<group>"; };
		E1E17E42167CC42B008915E7 /* UIView+Geometry.m */ = {isa = PBXFileReference; fileEncoding = 4; lastKnownFileType = sourcecode.c.objc; path = "UIView+Geometry.m"; sourceTree = "<group>"; };
		E1E17E44167CC704008915E7 /* TextDrawingView.h */ = {isa = PBXFileReference; fileEncoding = 4; lastKnownFileType = sourcecode.c.h; path = TextDrawingView.h; sourceTree = "<group>"; };
		E1E17E45167CC704008915E7 /* TextDrawingView.m */ = {isa = PBXFileReference; fileEncoding = 4; lastKnownFileType = sourcecode.c.objc; path = TextDrawingView.m; sourceTree = "<group>"; };
		E1E17E47167CC803008915E7 /* QuartzCore.framework */ = {isa = PBXFileReference; lastKnownFileType = wrapper.framework; name = QuartzCore.framework; path = System/Library/Frameworks/QuartzCore.framework; sourceTree = SDKROOT; };
		E1E8B7431680CA5200BA6402 /* SizeViewController.h */ = {isa = PBXFileReference; fileEncoding = 4; lastKnownFileType = sourcecode.c.h; path = SizeViewController.h; sourceTree = "<group>"; };
		E1E8B7441680CA5300BA6402 /* SizeViewController.m */ = {isa = PBXFileReference; fileEncoding = 4; lastKnownFileType = sourcecode.c.objc; path = SizeViewController.m; sourceTree = "<group>"; };
		E1E8B7451680CA5300BA6402 /* SizeViewController.xib */ = {isa = PBXFileReference; fileEncoding = 4; lastKnownFileType = file.xib; path = SizeViewController.xib; sourceTree = "<group>"; };
/* End PBXFileReference section */

/* Begin PBXFrameworksBuildPhase section */
		E1E17E16167CA84E008915E7 /* Frameworks */ = {
			isa = PBXFrameworksBuildPhase;
			buildActionMask = 2147483647;
			files = (
				E1E17E48167CC803008915E7 /* QuartzCore.framework in Frameworks */,
				E1E17E1E167CA84E008915E7 /* UIKit.framework in Frameworks */,
				E1E17E20167CA84E008915E7 /* Foundation.framework in Frameworks */,
				E1E17E22167CA84E008915E7 /* CoreGraphics.framework in Frameworks */,
			);
			runOnlyForDeploymentPostprocessing = 0;
		};
/* End PBXFrameworksBuildPhase section */

/* Begin PBXGroup section */
		E1E17E0E167CA84E008915E7 = {
			isa = PBXGroup;
			children = (
				E1E17E23167CA84E008915E7 /* text-madnes */,
				E1E17E1C167CA84E008915E7 /* Frameworks */,
				E1E17E1A167CA84E008915E7 /* Products */,
			);
			sourceTree = "<group>";
		};
		E1E17E1A167CA84E008915E7 /* Products */ = {
			isa = PBXGroup;
			children = (
				E1E17E19167CA84E008915E7 /* text-madnes.app */,
			);
			name = Products;
			sourceTree = "<group>";
		};
		E1E17E1C167CA84E008915E7 /* Frameworks */ = {
			isa = PBXGroup;
			children = (
				E1E17E47167CC803008915E7 /* QuartzCore.framework */,
				E1E17E1D167CA84E008915E7 /* UIKit.framework */,
				E1E17E1F167CA84E008915E7 /* Foundation.framework */,
				E1E17E21167CA84E008915E7 /* CoreGraphics.framework */,
			);
			name = Frameworks;
			sourceTree = "<group>";
		};
		E1E17E23167CA84E008915E7 /* text-madnes */ = {
			isa = PBXGroup;
			children = (
				E1E17E41167CC42A008915E7 /* UIView+Geometry.h */,
				E1E17E42167CC42B008915E7 /* UIView+Geometry.m */,
				E1E17E2C167CA84E008915E7 /* AppDelegate.h */,
				E1E17E2D167CA84E008915E7 /* AppDelegate.m */,
				E1E17E35167CA84E008915E7 /* ViewController.h */,
				E1E17E36167CA84E008915E7 /* ViewController.m */,
				E1E17E38167CA84E008915E7 /* ViewController.xib */,
				E1E17E44167CC704008915E7 /* TextDrawingView.h */,
				E1E17E45167CC704008915E7 /* TextDrawingView.m */,
				E1E17E24167CA84E008915E7 /* Supporting Files */,
				E1E8B7431680CA5200BA6402 /* SizeViewController.h */,
				E1E8B7441680CA5300BA6402 /* SizeViewController.m */,
				E1E8B7451680CA5300BA6402 /* SizeViewController.xib */,
			);
			path = "text-madnes";
			sourceTree = "<group>";
		};
		E1E17E24167CA84E008915E7 /* Supporting Files */ = {
			isa = PBXGroup;
			children = (
				E1E17E25167CA84E008915E7 /* text-madnes-Info.plist */,
				E1E17E26167CA84E008915E7 /* InfoPlist.strings */,
				E1E17E29167CA84E008915E7 /* main.m */,
				E1E17E2B167CA84E008915E7 /* text-madnes-Prefix.pch */,
				E1E17E2F167CA84E008915E7 /* Default.png */,
				E1E17E31167CA84E008915E7 /* Default@2x.png */,
				E1E17E33167CA84E008915E7 /* Default-568h@2x.png */,
			);
			name = "Supporting Files";
			sourceTree = "<group>";
		};
/* End PBXGroup section */

/* Begin PBXNativeTarget section */
		E1E17E18167CA84E008915E7 /* text-madnes */ = {
			isa = PBXNativeTarget;
			buildConfigurationList = E1E17E3D167CA84E008915E7 /* Build configuration list for PBXNativeTarget "text-madnes" */;
			buildPhases = (
				E1E17E15167CA84E008915E7 /* Sources */,
				E1E17E16167CA84E008915E7 /* Frameworks */,
				E1E17E17167CA84E008915E7 /* Resources */,
			);
			buildRules = (
			);
			dependencies = (
			);
			name = "text-madnes";
			productName = "text-madnes";
			productReference = E1E17E19167CA84E008915E7 /* text-madnes.app */;
			productType = "com.apple.product-type.application";
		};
/* End PBXNativeTarget section */

/* Begin PBXProject section */
		E1E17E10167CA84E008915E7 /* Project object */ = {
			isa = PBXProject;
			attributes = {
				LastUpgradeCheck = 0450;
				ORGANIZATIONNAME = "Alexander Ignatenko";
			};
			buildConfigurationList = E1E17E13167CA84E008915E7 /* Build configuration list for PBXProject "text-madnes" */;
			compatibilityVersion = "Xcode 3.2";
			developmentRegion = English;
			hasScannedForEncodings = 0;
			knownRegions = (
				en,
			);
			mainGroup = E1E17E0E167CA84E008915E7;
			productRefGroup = E1E17E1A167CA84E008915E7 /* Products */;
			projectDirPath = "";
			projectRoot = "";
			targets = (
				E1E17E18167CA84E008915E7 /* text-madnes */,
			);
		};
/* End PBXProject section */

/* Begin PBXResourcesBuildPhase section */
		E1E17E17167CA84E008915E7 /* Resources */ = {
			isa = PBXResourcesBuildPhase;
			buildActionMask = 2147483647;
			files = (
				E1E17E28167CA84E008915E7 /* InfoPlist.strings in Resources */,
				E1E17E30167CA84E008915E7 /* Default.png in Resources */,
				E1E17E32167CA84E008915E7 /* Default@2x.png in Resources */,
				E1E17E34167CA84E008915E7 /* Default-568h@2x.png in Resources */,
				E1E17E3A167CA84E008915E7 /* ViewController.xib in Resources */,
				E1E8B7471680CA5300BA6402 /* SizeViewController.xib in Resources */,
			);
			runOnlyForDeploymentPostprocessing = 0;
		};
/* End PBXResourcesBuildPhase section */

/* Begin PBXSourcesBuildPhase section */
		E1E17E15167CA84E008915E7 /* Sources */ = {
			isa = PBXSourcesBuildPhase;
			buildActionMask = 2147483647;
			files = (
				E1E17E2A167CA84E008915E7 /* main.m in Sources */,
				E1E17E2E167CA84E008915E7 /* AppDelegate.m in Sources */,
				E1E17E37167CA84E008915E7 /* ViewController.m in Sources */,
				E1E17E43167CC42B008915E7 /* UIView+Geometry.m in Sources */,
				E1E17E46167CC704008915E7 /* TextDrawingView.m in Sources */,
				E1E8B7461680CA5300BA6402 /* SizeViewController.m in Sources */,
			);
			runOnlyForDeploymentPostprocessing = 0;
		};
/* End PBXSourcesBuildPhase section */

/* Begin PBXVariantGroup section */
		E1E17E26167CA84E008915E7 /* InfoPlist.strings */ = {
			isa = PBXVariantGroup;
			children = (
				E1E17E27167CA84E008915E7 /* en */,
			);
			name = InfoPlist.strings;
			sourceTree = "<group>";
		};
		E1E17E38167CA84E008915E7 /* ViewController.xib */ = {
			isa = PBXVariantGroup;
			children = (
				E1E17E39167CA84E008915E7 /* en */,
			);
			name = ViewController.xib;
			sourceTree = "<group>";
		};
/* End PBXVariantGroup section */

/* Begin XCBuildConfiguration section */
		E1E17E3B167CA84E008915E7 /* Debug */ = {
			isa = XCBuildConfiguration;
			buildSettings = {
				ALWAYS_SEARCH_USER_PATHS = NO;
				CLANG_CXX_LANGUAGE_STANDARD = "gnu++0x";
				CLANG_CXX_LIBRARY = "libc++";
				CLANG_ENABLE_OBJC_ARC = YES;
				CLANG_WARN_EMPTY_BODY = YES;
				CLANG_WARN__DUPLICATE_METHOD_MATCH = YES;
				"CODE_SIGN_IDENTITY[sdk=iphoneos*]" = "iPhone Developer";
				COPY_PHASE_STRIP = NO;
				GCC_C_LANGUAGE_STANDARD = gnu99;
				GCC_DYNAMIC_NO_PIC = NO;
				GCC_OPTIMIZATION_LEVEL = 0;
				GCC_PREPROCESSOR_DEFINITIONS = (
					"DEBUG=1",
					"$(inherited)",
				);
				GCC_SYMBOLS_PRIVATE_EXTERN = NO;
				GCC_WARN_ABOUT_RETURN_TYPE = YES;
				GCC_WARN_UNINITIALIZED_AUTOS = YES;
				GCC_WARN_UNUSED_VARIABLE = YES;
				IPHONEOS_DEPLOYMENT_TARGET = 6.0;
				ONLY_ACTIVE_ARCH = YES;
				SDKROOT = iphoneos;
			};
			name = Debug;
		};
		E1E17E3C167CA84E008915E7 /* Release */ = {
			isa = XCBuildConfiguration;
			buildSettings = {
				ALWAYS_SEARCH_USER_PATHS = NO;
				CLANG_CXX_LANGUAGE_STANDARD = "gnu++0x";
				CLANG_CXX_LIBRARY = "libc++";
				CLANG_ENABLE_OBJC_ARC = YES;
				CLANG_WARN_EMPTY_BODY = YES;
				CLANG_WARN__DUPLICATE_METHOD_MATCH = YES;
				"CODE_SIGN_IDENTITY[sdk=iphoneos*]" = "iPhone Developer";
				COPY_PHASE_STRIP = YES;
				GCC_C_LANGUAGE_STANDARD = gnu99;
				GCC_WARN_ABOUT_RETURN_TYPE = YES;
				GCC_WARN_UNINITIALIZED_AUTOS = YES;
				GCC_WARN_UNUSED_VARIABLE = YES;
				IPHONEOS_DEPLOYMENT_TARGET = 6.0;
				OTHER_CFLAGS = "-DNS_BLOCK_ASSERTIONS=1";
				SDKROOT = iphoneos;
				VALIDATE_PRODUCT = YES;
			};
			name = Release;
		};
		E1E17E3E167CA84E008915E7 /* Debug */ = {
			isa = XCBuildConfiguration;
			buildSettings = {
				GCC_PRECOMPILE_PREFIX_HEADER = YES;
				GCC_PREFIX_HEADER = "text-madnes/text-madnes-Prefix.pch";
				INFOPLIST_FILE = "text-madnes/text-madnes-Info.plist";
				PRODUCT_NAME = "$(TARGET_NAME)";
				WRAPPER_EXTENSION = app;
			};
			name = Debug;
		};
		E1E17E3F167CA84E008915E7 /* Release */ = {
			isa = XCBuildConfiguration;
			buildSettings = {
				GCC_PRECOMPILE_PREFIX_HEADER = YES;
				GCC_PREFIX_HEADER = "text-madnes/text-madnes-Prefix.pch";
				INFOPLIST_FILE = "text-madnes/text-madnes-Info.plist";
				PRODUCT_NAME = "$(TARGET_NAME)";
				WRAPPER_EXTENSION = app;
			};
			name = Release;
		};
/* End XCBuildConfiguration section */

/* Begin XCConfigurationList section */
		E1E17E13167CA84E008915E7 /* Build configuration list for PBXProject "text-madnes" */ = {
			isa = XCConfigurationList;
			buildConfigurations = (
				E1E17E3B167CA84E008915E7 /* Debug */,
				E1E17E3C167CA84E008915E7 /* Release */,
			);
			defaultConfigurationIsVisible = 0;
			defaultConfigurationName = Release;
		};
		E1E17E3D167CA84E008915E7 /* Build configuration list for PBXNativeTarget "text-madnes" */ = {
			isa = XCConfigurationList;
			buildConfigurations = (
				E1E17E3E167CA84E008915E7 /* Debug */,
				E1E17E3F167CA84E008915E7 /* Release */,
			);
			defaultConfigurationIsVisible = 0;
			defaultConfigurationName = Release;
		};
/* End XCConfigurationList section */
	};
	rootObject = E1E17E10167CA84E008915E7 /* Project object */;
}
